// !$*UTF8*$!
{
	archiveVersion = 1;
	classes = {
	};
	objectVersion = 50;
	objects = {

/* Begin PBXBuildFile section */
		0A10EA5B23EFEB7E00A54C5E /* AppDelegate.swift in Sources */ = {isa = PBXBuildFile; fileRef = 0A10EA5A23EFEB7E00A54C5E /* AppDelegate.swift */; };
		0A10EA5D23EFEB7E00A54C5E /* ViewController.swift in Sources */ = {isa = PBXBuildFile; fileRef = 0A10EA5C23EFEB7E00A54C5E /* ViewController.swift */; };
		0A10EA6023EFEB7E00A54C5E /* Main.storyboard in Resources */ = {isa = PBXBuildFile; fileRef = 0A10EA5E23EFEB7E00A54C5E /* Main.storyboard */; };
		0A10EA6223EFEB8000A54C5E /* Assets.xcassets in Resources */ = {isa = PBXBuildFile; fileRef = 0A10EA6123EFEB8000A54C5E /* Assets.xcassets */; };
		0A10EA6523EFEB8000A54C5E /* LaunchScreen.storyboard in Resources */ = {isa = PBXBuildFile; fileRef = 0A10EA6323EFEB8000A54C5E /* LaunchScreen.storyboard */; };
		0A10EA7023EFEB8100A54C5E /* HolidayCalenderTests.swift in Sources */ = {isa = PBXBuildFile; fileRef = 0A10EA6F23EFEB8100A54C5E /* HolidayCalenderTests.swift */; };
		0A10EA7B23EFEB8100A54C5E /* HolidayCalenderUITests.swift in Sources */ = {isa = PBXBuildFile; fileRef = 0A10EA7A23EFEB8100A54C5E /* HolidayCalenderUITests.swift */; };
/* End PBXBuildFile section */

/* Begin PBXContainerItemProxy section */
		0A10EA6C23EFEB8100A54C5E /* PBXContainerItemProxy */ = {
			isa = PBXContainerItemProxy;
			containerPortal = 0A10EA4F23EFEB7E00A54C5E /* Project object */;
			proxyType = 1;
			remoteGlobalIDString = 0A10EA5623EFEB7E00A54C5E;
			remoteInfo = HolidayCalender;
		};
		0A10EA7723EFEB8100A54C5E /* PBXContainerItemProxy */ = {
			isa = PBXContainerItemProxy;
			containerPortal = 0A10EA4F23EFEB7E00A54C5E /* Project object */;
			proxyType = 1;
			remoteGlobalIDString = 0A10EA5623EFEB7E00A54C5E;
			remoteInfo = HolidayCalender;
		};
/* End PBXContainerItemProxy section */

/* Begin PBXFileReference section */
		0A10EA5723EFEB7E00A54C5E /* HolidayCalender.app */ = {isa = PBXFileReference; explicitFileType = wrapper.application; includeInIndex = 0; path = HolidayCalender.app; sourceTree = BUILT_PRODUCTS_DIR; };
		0A10EA5A23EFEB7E00A54C5E /* AppDelegate.swift */ = {isa = PBXFileReference; lastKnownFileType = sourcecode.swift; path = AppDelegate.swift; sourceTree = "<group>"; };
		0A10EA5C23EFEB7E00A54C5E /* ViewController.swift */ = {isa = PBXFileReference; lastKnownFileType = sourcecode.swift; path = ViewController.swift; sourceTree = "<group>"; };
		0A10EA5F23EFEB7E00A54C5E /* Base */ = {isa = PBXFileReference; lastKnownFileType = file.storyboard; name = Base; path = Base.lproj/Main.storyboard; sourceTree = "<group>"; };
		0A10EA6123EFEB8000A54C5E /* Assets.xcassets */ = {isa = PBXFileReference; lastKnownFileType = folder.assetcatalog; path = Assets.xcassets; sourceTree = "<group>"; };
		0A10EA6423EFEB8000A54C5E /* Base */ = {isa = PBXFileReference; lastKnownFileType = file.storyboard; name = Base; path = Base.lproj/LaunchScreen.storyboard; sourceTree = "<group>"; };
		0A10EA6623EFEB8000A54C5E /* Info.plist */ = {isa = PBXFileReference; lastKnownFileType = text.plist.xml; path = Info.plist; sourceTree = "<group>"; };
		0A10EA6B23EFEB8100A54C5E /* HolidayCalenderTests.xctest */ = {isa = PBXFileReference; explicitFileType = wrapper.cfbundle; includeInIndex = 0; path = HolidayCalenderTests.xctest; sourceTree = BUILT_PRODUCTS_DIR; };
		0A10EA6F23EFEB8100A54C5E /* HolidayCalenderTests.swift */ = {isa = PBXFileReference; lastKnownFileType = sourcecode.swift; path = HolidayCalenderTests.swift; sourceTree = "<group>"; };
		0A10EA7123EFEB8100A54C5E /* Info.plist */ = {isa = PBXFileReference; lastKnownFileType = text.plist.xml; path = Info.plist; sourceTree = "<group>"; };
		0A10EA7623EFEB8100A54C5E /* HolidayCalenderUITests.xctest */ = {isa = PBXFileReference; explicitFileType = wrapper.cfbundle; includeInIndex = 0; path = HolidayCalenderUITests.xctest; sourceTree = BUILT_PRODUCTS_DIR; };
		0A10EA7A23EFEB8100A54C5E /* HolidayCalenderUITests.swift */ = {isa = PBXFileReference; lastKnownFileType = sourcecode.swift; path = HolidayCalenderUITests.swift; sourceTree = "<group>"; };
		0A10EA7C23EFEB8100A54C5E /* Info.plist */ = {isa = PBXFileReference; lastKnownFileType = text.plist.xml; path = Info.plist; sourceTree = "<group>"; };
/* End PBXFileReference section */

/* Begin PBXFrameworksBuildPhase section */
		0A10EA5423EFEB7E00A54C5E /* Frameworks */ = {
			isa = PBXFrameworksBuildPhase;
			buildActionMask = 2147483647;
			files = (
			);
			runOnlyForDeploymentPostprocessing = 0;
		};
		0A10EA6823EFEB8100A54C5E /* Frameworks */ = {
			isa = PBXFrameworksBuildPhase;
			buildActionMask = 2147483647;
			files = (
			);
			runOnlyForDeploymentPostprocessing = 0;
		};
		0A10EA7323EFEB8100A54C5E /* Frameworks */ = {
			isa = PBXFrameworksBuildPhase;
			buildActionMask = 2147483647;
			files = (
			);
			runOnlyForDeploymentPostprocessing = 0;
		};
/* End PBXFrameworksBuildPhase section */

/* Begin PBXGroup section */
		0A10EA4E23EFEB7E00A54C5E = {
			isa = PBXGroup;
			children = (
				0A10EA5923EFEB7E00A54C5E /* HolidayCalender */,
				0A10EA6E23EFEB8100A54C5E /* HolidayCalenderTests */,
				0A10EA7923EFEB8100A54C5E /* HolidayCalenderUITests */,
				0A10EA5823EFEB7E00A54C5E /* Products */,
			);
			sourceTree = "<group>";
		};
		0A10EA5823EFEB7E00A54C5E /* Products */ = {
			isa = PBXGroup;
			children = (
				0A10EA5723EFEB7E00A54C5E /* HolidayCalender.app */,
				0A10EA6B23EFEB8100A54C5E /* HolidayCalenderTests.xctest */,
				0A10EA7623EFEB8100A54C5E /* HolidayCalenderUITests.xctest */,
			);
			name = Products;
			sourceTree = "<group>";
		};
		0A10EA5923EFEB7E00A54C5E /* HolidayCalender */ = {
			isa = PBXGroup;
			children = (
				0A10EA5A23EFEB7E00A54C5E /* AppDelegate.swift */,
				0A10EA5C23EFEB7E00A54C5E /* ViewController.swift */,
				0A10EA5E23EFEB7E00A54C5E /* Main.storyboard */,
				0A10EA6123EFEB8000A54C5E /* Assets.xcassets */,
				0A10EA6323EFEB8000A54C5E /* LaunchScreen.storyboard */,
				0A10EA6623EFEB8000A54C5E /* Info.plist */,
			);
			path = HolidayCalender;
			sourceTree = "<group>";
		};
		0A10EA6E23EFEB8100A54C5E /* HolidayCalenderTests */ = {
			isa = PBXGroup;
			children = (
				0A10EA6F23EFEB8100A54C5E /* HolidayCalenderTests.swift */,
				0A10EA7123EFEB8100A54C5E /* Info.plist */,
			);
			path = HolidayCalenderTests;
			sourceTree = "<group>";
		};
		0A10EA7923EFEB8100A54C5E /* HolidayCalenderUITests */ = {
			isa = PBXGroup;
			children = (
				0A10EA7A23EFEB8100A54C5E /* HolidayCalenderUITests.swift */,
				0A10EA7C23EFEB8100A54C5E /* Info.plist */,
			);
			path = HolidayCalenderUITests;
			sourceTree = "<group>";
		};
/* End PBXGroup section */

/* Begin PBXNativeTarget section */
		0A10EA5623EFEB7E00A54C5E /* HolidayCalender */ = {
			isa = PBXNativeTarget;
			buildConfigurationList = 0A10EA7F23EFEB8100A54C5E /* Build configuration list for PBXNativeTarget "HolidayCalender" */;
			buildPhases = (
				0A10EA5323EFEB7E00A54C5E /* Sources */,
				0A10EA5423EFEB7E00A54C5E /* Frameworks */,
				0A10EA5523EFEB7E00A54C5E /* Resources */,
			);
			buildRules = (
			);
			dependencies = (
			);
			name = HolidayCalender;
			productName = HolidayCalender;
			productReference = 0A10EA5723EFEB7E00A54C5E /* HolidayCalender.app */;
			productType = "com.apple.product-type.application";
		};
		0A10EA6A23EFEB8100A54C5E /* HolidayCalenderTests */ = {
			isa = PBXNativeTarget;
			buildConfigurationList = 0A10EA8223EFEB8100A54C5E /* Build configuration list for PBXNativeTarget "HolidayCalenderTests" */;
			buildPhases = (
				0A10EA6723EFEB8100A54C5E /* Sources */,
				0A10EA6823EFEB8100A54C5E /* Frameworks */,
				0A10EA6923EFEB8100A54C5E /* Resources */,
			);
			buildRules = (
			);
			dependencies = (
				0A10EA6D23EFEB8100A54C5E /* PBXTargetDependency */,
			);
			name = HolidayCalenderTests;
			productName = HolidayCalenderTests;
			productReference = 0A10EA6B23EFEB8100A54C5E /* HolidayCalenderTests.xctest */;
			productType = "com.apple.product-type.bundle.unit-test";
		};
		0A10EA7523EFEB8100A54C5E /* HolidayCalenderUITests */ = {
			isa = PBXNativeTarget;
			buildConfigurationList = 0A10EA8523EFEB8100A54C5E /* Build configuration list for PBXNativeTarget "HolidayCalenderUITests" */;
			buildPhases = (
				0A10EA7223EFEB8100A54C5E /* Sources */,
				0A10EA7323EFEB8100A54C5E /* Frameworks */,
				0A10EA7423EFEB8100A54C5E /* Resources */,
			);
			buildRules = (
			);
			dependencies = (
				0A10EA7823EFEB8100A54C5E /* PBXTargetDependency */,
			);
			name = HolidayCalenderUITests;
			productName = HolidayCalenderUITests;
			productReference = 0A10EA7623EFEB8100A54C5E /* HolidayCalenderUITests.xctest */;
			productType = "com.apple.product-type.bundle.ui-testing";
		};
/* End PBXNativeTarget section */

/* Begin PBXProject section */
		0A10EA4F23EFEB7E00A54C5E /* Project object */ = {
			isa = PBXProject;
			attributes = {
				LastSwiftUpdateCheck = 1030;
				LastUpgradeCheck = 1030;
				ORGANIZATIONNAME = "Gayani Madubhashini";
				TargetAttributes = {
					0A10EA5623EFEB7E00A54C5E = {
						CreatedOnToolsVersion = 10.3;
					};
					0A10EA6A23EFEB8100A54C5E = {
						CreatedOnToolsVersion = 10.3;
						TestTargetID = 0A10EA5623EFEB7E00A54C5E;
					};
					0A10EA7523EFEB8100A54C5E = {
						CreatedOnToolsVersion = 10.3;
						TestTargetID = 0A10EA5623EFEB7E00A54C5E;
					};
				};
			};
			buildConfigurationList = 0A10EA5223EFEB7E00A54C5E /* Build configuration list for PBXProject "HolidayCalender" */;
			compatibilityVersion = "Xcode 9.3";
			developmentRegion = en;
			hasScannedForEncodings = 0;
			knownRegions = (
				en,
				Base,
			);
			mainGroup = 0A10EA4E23EFEB7E00A54C5E;
			productRefGroup = 0A10EA5823EFEB7E00A54C5E /* Products */;
			projectDirPath = "";
			projectRoot = "";
			targets = (
				0A10EA5623EFEB7E00A54C5E /* HolidayCalender */,
				0A10EA6A23EFEB8100A54C5E /* HolidayCalenderTests */,
				0A10EA7523EFEB8100A54C5E /* HolidayCalenderUITests */,
			);
		};
/* End PBXProject section */

/* Begin PBXResourcesBuildPhase section */
		0A10EA5523EFEB7E00A54C5E /* Resources */ = {
			isa = PBXResourcesBuildPhase;
			buildActionMask = 2147483647;
			files = (
				0A10EA6523EFEB8000A54C5E /* LaunchScreen.storyboard in Resources */,
				0A10EA6223EFEB8000A54C5E /* Assets.xcassets in Resources */,
				0A10EA6023EFEB7E00A54C5E /* Main.storyboard in Resources */,
			);
			runOnlyForDeploymentPostprocessing = 0;
		};
		0A10EA6923EFEB8100A54C5E /* Resources */ = {
			isa = PBXResourcesBuildPhase;
			buildActionMask = 2147483647;
			files = (
			);
			runOnlyForDeploymentPostprocessing = 0;
		};
		0A10EA7423EFEB8100A54C5E /* Resources */ = {
			isa = PBXResourcesBuildPhase;
			buildActionMask = 2147483647;
			files = (
			);
			runOnlyForDeploymentPostprocessing = 0;
		};
/* End PBXResourcesBuildPhase section */

/* Begin PBXSourcesBuildPhase section */
		0A10EA5323EFEB7E00A54C5E /* Sources */ = {
			isa = PBXSourcesBuildPhase;
			buildActionMask = 2147483647;
			files = (
				0A10EA5D23EFEB7E00A54C5E /* ViewController.swift in Sources */,
				0A10EA5B23EFEB7E00A54C5E /* AppDelegate.swift in Sources */,
			);
			runOnlyForDeploymentPostprocessing = 0;
		};
		0A10EA6723EFEB8100A54C5E /* Sources */ = {
			isa = PBXSourcesBuildPhase;
			buildActionMask = 2147483647;
			files = (
				0A10EA7023EFEB8100A54C5E /* HolidayCalenderTests.swift in Sources */,
			);
			runOnlyForDeploymentPostprocessing = 0;
		};
		0A10EA7223EFEB8100A54C5E /* Sources */ = {
			isa = PBXSourcesBuildPhase;
			buildActionMask = 2147483647;
			files = (
				0A10EA7B23EFEB8100A54C5E /* HolidayCalenderUITests.swift in Sources */,
			);
			runOnlyForDeploymentPostprocessing = 0;
		};
/* End PBXSourcesBuildPhase section */

/* Begin PBXTargetDependency section */
		0A10EA6D23EFEB8100A54C5E /* PBXTargetDependency */ = {
			isa = PBXTargetDependency;
			target = 0A10EA5623EFEB7E00A54C5E /* HolidayCalender */;
			targetProxy = 0A10EA6C23EFEB8100A54C5E /* PBXContainerItemProxy */;
		};
		0A10EA7823EFEB8100A54C5E /* PBXTargetDependency */ = {
			isa = PBXTargetDependency;
			target = 0A10EA5623EFEB7E00A54C5E /* HolidayCalender */;
			targetProxy = 0A10EA7723EFEB8100A54C5E /* PBXContainerItemProxy */;
		};
/* End PBXTargetDependency section */

/* Begin PBXVariantGroup section */
		0A10EA5E23EFEB7E00A54C5E /* Main.storyboard */ = {
			isa = PBXVariantGroup;
			children = (
				0A10EA5F23EFEB7E00A54C5E /* Base */,
			);
			name = Main.storyboard;
			sourceTree = "<group>";
		};
		0A10EA6323EFEB8000A54C5E /* LaunchScreen.storyboard */ = {
			isa = PBXVariantGroup;
			children = (
				0A10EA6423EFEB8000A54C5E /* Base */,
			);
			name = LaunchScreen.storyboard;
			sourceTree = "<group>";
		};
/* End PBXVariantGroup section */

/* Begin XCBuildConfiguration section */
		0A10EA7D23EFEB8100A54C5E /* Debug */ = {
			isa = XCBuildConfiguration;
			buildSettings = {
				ALWAYS_SEARCH_USER_PATHS = NO;
				CLANG_ANALYZER_NONNULL = YES;
				CLANG_ANALYZER_NUMBER_OBJECT_CONVERSION = YES_AGGRESSIVE;
				CLANG_CXX_LANGUAGE_STANDARD = "gnu++14";
				CLANG_CXX_LIBRARY = "libc++";
				CLANG_ENABLE_MODULES = YES;
				CLANG_ENABLE_OBJC_ARC = YES;
				CLANG_ENABLE_OBJC_WEAK = YES;
				CLANG_WARN_BLOCK_CAPTURE_AUTORELEASING = YES;
				CLANG_WARN_BOOL_CONVERSION = YES;
				CLANG_WARN_COMMA = YES;
				CLANG_WARN_CONSTANT_CONVERSION = YES;
				CLANG_WARN_DEPRECATED_OBJC_IMPLEMENTATIONS = YES;
				CLANG_WARN_DIRECT_OBJC_ISA_USAGE = YES_ERROR;
				CLANG_WARN_DOCUMENTATION_COMMENTS = YES;
				CLANG_WARN_EMPTY_BODY = YES;
				CLANG_WARN_ENUM_CONVERSION = YES;
				CLANG_WARN_INFINITE_RECURSION = YES;
				CLANG_WARN_INT_CONVERSION = YES;
				CLANG_WARN_NON_LITERAL_NULL_CONVERSION = YES;
				CLANG_WARN_OBJC_IMPLICIT_RETAIN_SELF = YES;
				CLANG_WARN_OBJC_LITERAL_CONVERSION = YES;
				CLANG_WARN_OBJC_ROOT_CLASS = YES_ERROR;
				CLANG_WARN_RANGE_LOOP_ANALYSIS = YES;
				CLANG_WARN_STRICT_PROTOTYPES = YES;
				CLANG_WARN_SUSPICIOUS_MOVE = YES;
				CLANG_WARN_UNGUARDED_AVAILABILITY = YES_AGGRESSIVE;
				CLANG_WARN_UNREACHABLE_CODE = YES;
				CLANG_WARN__DUPLICATE_METHOD_MATCH = YES;
				CODE_SIGN_IDENTITY = "iPhone Developer";
				COPY_PHASE_STRIP = NO;
				DEBUG_INFORMATION_FORMAT = dwarf;
				ENABLE_STRICT_OBJC_MSGSEND = YES;
				ENABLE_TESTABILITY = YES;
				GCC_C_LANGUAGE_STANDARD = gnu11;
				GCC_DYNAMIC_NO_PIC = NO;
				GCC_NO_COMMON_BLOCKS = YES;
				GCC_OPTIMIZATION_LEVEL = 0;
				GCC_PREPROCESSOR_DEFINITIONS = (
					"DEBUG=1",
					"$(inherited)",
				);
				GCC_WARN_64_TO_32_BIT_CONVERSION = YES;
				GCC_WARN_ABOUT_RETURN_TYPE = YES_ERROR;
				GCC_WARN_UNDECLARED_SELECTOR = YES;
				GCC_WARN_UNINITIALIZED_AUTOS = YES_AGGRESSIVE;
				GCC_WARN_UNUSED_FUNCTION = YES;
				GCC_WARN_UNUSED_VARIABLE = YES;
				IPHONEOS_DEPLOYMENT_TARGET = 12.4;
				MTL_ENABLE_DEBUG_INFO = INCLUDE_SOURCE;
				MTL_FAST_MATH = YES;
				ONLY_ACTIVE_ARCH = YES;
				SDKROOT = iphoneos;
				SWIFT_ACTIVE_COMPILATION_CONDITIONS = DEBUG;
				SWIFT_OPTIMIZATION_LEVEL = "-Onone";
			};
			name = Debug;
		};
		0A10EA7E23EFEB8100A54C5E /* Release */ = {
			isa = XCBuildConfiguration;
			buildSettings = {
				ALWAYS_SEARCH_USER_PATHS = NO;
				CLANG_ANALYZER_NONNULL = YES;
				CLANG_ANALYZER_NUMBER_OBJECT_CONVERSION = YES_AGGRESSIVE;
				CLANG_CXX_LANGUAGE_STANDARD = "gnu++14";
				CLANG_CXX_LIBRARY = "libc++";
				CLANG_ENABLE_MODULES = YES;
				CLANG_ENABLE_OBJC_ARC = YES;
				CLANG_ENABLE_OBJC_WEAK = YES;
				CLANG_WARN_BLOCK_CAPTURE_AUTORELEASING = YES;
				CLANG_WARN_BOOL_CONVERSION = YES;
				CLANG_WARN_COMMA = YES;
				CLANG_WARN_CONSTANT_CONVERSION = YES;
				CLANG_WARN_DEPRECATED_OBJC_IMPLEMENTATIONS = YES;
				CLANG_WARN_DIRECT_OBJC_ISA_USAGE = YES_ERROR;
				CLANG_WARN_DOCUMENTATION_COMMENTS = YES;
				CLANG_WARN_EMPTY_BODY = YES;
				CLANG_WARN_ENUM_CONVERSION = YES;
				CLANG_WARN_INFINITE_RECURSION = YES;
				CLANG_WARN_INT_CONVERSION = YES;
				CLANG_WARN_NON_LITERAL_NULL_CONVERSION = YES;
				CLANG_WARN_OBJC_IMPLICIT_RETAIN_SELF = YES;
				CLANG_WARN_OBJC_LITERAL_CONVERSION = YES;
				CLANG_WARN_OBJC_ROOT_CLASS = YES_ERROR;
				CLANG_WARN_RANGE_LOOP_ANALYSIS = YES;
				CLANG_WARN_STRICT_PROTOTYPES = YES;
				CLANG_WARN_SUSPICIOUS_MOVE = YES;
				CLANG_WARN_UNGUARDED_AVAILABILITY = YES_AGGRESSIVE;
				CLANG_WARN_UNREACHABLE_CODE = YES;
				CLANG_WARN__DUPLICATE_METHOD_MATCH = YES;
				CODE_SIGN_IDENTITY = "iPhone Developer";
				COPY_PHASE_STRIP = NO;
				DEBUG_INFORMATION_FORMAT = "dwarf-with-dsym";
				ENABLE_NS_ASSERTIONS = NO;
				ENABLE_STRICT_OBJC_MSGSEND = YES;
				GCC_C_LANGUAGE_STANDARD = gnu11;
				GCC_NO_COMMON_BLOCKS = YES;
				GCC_WARN_64_TO_32_BIT_CONVERSION = YES;
				GCC_WARN_ABOUT_RETURN_TYPE = YES_ERROR;
				GCC_WARN_UNDECLARED_SELECTOR = YES;
				GCC_WARN_UNINITIALIZED_AUTOS = YES_AGGRESSIVE;
				GCC_WARN_UNUSED_FUNCTION = YES;
				GCC_WARN_UNUSED_VARIABLE = YES;
				IPHONEOS_DEPLOYMENT_TARGET = 12.4;
				MTL_ENABLE_DEBUG_INFO = NO;
				MTL_FAST_MATH = YES;
				SDKROOT = iphoneos;
				SWIFT_COMPILATION_MODE = wholemodule;
				SWIFT_OPTIMIZATION_LEVEL = "-O";
				VALIDATE_PRODUCT = YES;
			};
			name = Release;
		};
		0A10EA8023EFEB8100A54C5E /* Debug */ = {
			isa = XCBuildConfiguration;
			buildSettings = {
				ASSETCATALOG_COMPILER_APPICON_NAME = AppIcon;
				CODE_SIGN_STYLE = Automatic;
				INFOPLIST_FILE = HolidayCalender/Info.plist;
				LD_RUNPATH_SEARCH_PATHS = (
					"$(inherited)",
					"@executable_path/Frameworks",
				);
				PRODUCT_BUNDLE_IDENTIFIER = com.nibm.dream.HolidayCalender;
				PRODUCT_NAME = "$(TARGET_NAME)";
				SWIFT_VERSION = 5.0;
				TARGETED_DEVICE_FAMILY = "1,2";
			};
			name = Debug;
		};
		0A10EA8123EFEB8100A54C5E /* Release */ = {
			isa = XCBuildConfiguration;
			buildSettings = {
				ASSETCATALOG_COMPILER_APPICON_NAME = AppIcon;
				CODE_SIGN_STYLE = Automatic;
				INFOPLIST_FILE = HolidayCalender/Info.plist;
				LD_RUNPATH_SEARCH_PATHS = (
					"$(inherited)",
					"@executable_path/Frameworks",
				);
				PRODUCT_BUNDLE_IDENTIFIER = com.nibm.dream.HolidayCalender;
				PRODUCT_NAME = "$(TARGET_NAME)";
				SWIFT_VERSION = 5.0;
				TARGETED_DEVICE_FAMILY = "1,2";
			};
			name = Release;
		};
		0A10EA8323EFEB8100A54C5E /* Debug */ = {
			isa = XCBuildConfiguration;
			buildSettings = {
				ALWAYS_EMBED_SWIFT_STANDARD_LIBRARIES = YES;
				BUNDLE_LOADER = "$(TEST_HOST)";
				CODE_SIGN_STYLE = Automatic;
				INFOPLIST_FILE = HolidayCalenderTests/Info.plist;
				LD_RUNPATH_SEARCH_PATHS = (
					"$(inherited)",
					"@executable_path/Frameworks",
					"@loader_path/Frameworks",
				);
				PRODUCT_BUNDLE_IDENTIFIER = com.nibm.dream.HolidayCalenderTests;
				PRODUCT_NAME = "$(TARGET_NAME)";
				SWIFT_VERSION = 5.0;
				TARGETED_DEVICE_FAMILY = "1,2";
				TEST_HOST = "$(BUILT_PRODUCTS_DIR)/HolidayCalender.app/HolidayCalender";
			};
			name = Debug;
		};
		0A10EA8423EFEB8100A54C5E /* Release */ = {
			isa = XCBuildConfiguration;
			buildSettings = {
				ALWAYS_EMBED_SWIFT_STANDARD_LIBRARIES = YES;
				BUNDLE_LOADER = "$(TEST_HOST)";
				CODE_SIGN_STYLE = Automatic;
				INFOPLIST_FILE = HolidayCalenderTests/Info.plist;
				LD_RUNPATH_SEARCH_PATHS = (
					"$(inherited)",
					"@executable_path/Frameworks",
					"@loader_path/Frameworks",
				);
				PRODUCT_BUNDLE_IDENTIFIER = com.nibm.dream.HolidayCalenderTests;
				PRODUCT_NAME = "$(TARGET_NAME)";
				SWIFT_VERSION = 5.0;
				TARGETED_DEVICE_FAMILY = "1,2";
				TEST_HOST = "$(BUILT_PRODUCTS_DIR)/HolidayCalender.app/HolidayCalender";
			};
			name = Release;
		};
		0A10EA8623EFEB8100A54C5E /* Debug */ = {
			isa = XCBuildConfiguration;
			buildSettings = {
				ALWAYS_EMBED_SWIFT_STANDARD_LIBRARIES = YES;
				CODE_SIGN_STYLE = Automatic;
				INFOPLIST_FILE = HolidayCalenderUITests/Info.plist;
				LD_RUNPATH_SEARCH_PATHS = (
					"$(inherited)",
					"@executable_path/Frameworks",
					"@loader_path/Frameworks",
				);
				PRODUCT_BUNDLE_IDENTIFIER = com.nibm.dream.HolidayCalenderUITests;
				PRODUCT_NAME = "$(TARGET_NAME)";
				SWIFT_VERSION = 5.0;
				TARGETED_DEVICE_FAMILY = "1,2";
				TEST_TARGET_NAME = HolidayCalender;
			};
			name = Debug;
		};
		0A10EA8723EFEB8100A54C5E /* Release */ = {
			isa = XCBuildConfiguration;
			buildSettings = {
				ALWAYS_EMBED_SWIFT_STANDARD_LIBRARIES = YES;
				CODE_SIGN_STYLE = Automatic;
				INFOPLIST_FILE = HolidayCalenderUITests/Info.plist;
				LD_RUNPATH_SEARCH_PATHS = (
					"$(inherited)",
					"@executable_path/Frameworks",
					"@loader_path/Frameworks",
				);
				PRODUCT_BUNDLE_IDENTIFIER = com.nibm.dream.HolidayCalenderUITests;
				PRODUCT_NAME = "$(TARGET_NAME)";
				SWIFT_VERSION = 5.0;
				TARGETED_DEVICE_FAMILY = "1,2";
				TEST_TARGET_NAME = HolidayCalender;
			};
			name = Release;
		};
/* End XCBuildConfiguration section */

/* Begin XCConfigurationList section */
		0A10EA5223EFEB7E00A54C5E /* Build configuration list for PBXProject "HolidayCalender" */ = {
			isa = XCConfigurationList;
			buildConfigurations = (
				0A10EA7D23EFEB8100A54C5E /* Debug */,
				0A10EA7E23EFEB8100A54C5E /* Release */,
			);
			defaultConfigurationIsVisible = 0;
			defaultConfigurationName = Release;
		};
		0A10EA7F23EFEB8100A54C5E /* Build configuration list for PBXNativeTarget "HolidayCalender" */ = {
			isa = XCConfigurationList;
			buildConfigurations = (
				0A10EA8023EFEB8100A54C5E /* Debug */,
				0A10EA8123EFEB8100A54C5E /* Release */,
			);
			defaultConfigurationIsVisible = 0;
			defaultConfigurationName = Release;
		};
		0A10EA8223EFEB8100A54C5E /* Build configuration list for PBXNativeTarget "HolidayCalenderTests" */ = {
			isa = XCConfigurationList;
			buildConfigurations = (
				0A10EA8323EFEB8100A54C5E /* Debug */,
				0A10EA8423EFEB8100A54C5E /* Release */,
			);
			defaultConfigurationIsVisible = 0;
			defaultConfigurationName = Release;
		};
		0A10EA8523EFEB8100A54C5E /* Build configuration list for PBXNativeTarget "HolidayCalenderUITests" */ = {
			isa = XCConfigurationList;
			buildConfigurations = (
				0A10EA8623EFEB8100A54C5E /* Debug */,
				0A10EA8723EFEB8100A54C5E /* Release */,
			);
			defaultConfigurationIsVisible = 0;
			defaultConfigurationName = Release;
		};
/* End XCConfigurationList section */
	};
	rootObject = 0A10EA4F23EFEB7E00A54C5E /* Project object */;
}
